PODS:
  - Alamofire (5.4.0)
  - RAMAnimatedTabBarController (5.2.0)
  - SwiftLint (0.40.3)

DEPENDENCIES:
  - Alamofire (~> 5.2)
  - RAMAnimatedTabBarController
  - SwiftLint

SPEC REPOS:
  trunk:
    - Alamofire
    - RAMAnimatedTabBarController
    - SwiftLint

SPEC CHECKSUMS:
  Alamofire: 3b6a534a3df22db367e4dedeeca73d1ddfcf0e2f
  RAMAnimatedTabBarController: 6863a386e7ae2ab227cd60aa73ab8ff56cdacfdd
  SwiftLint: dfd554ff0dff17288ee574814ccdd5cea85d76f7

PODFILE CHECKSUM: d5ae71b1b09111c9803fd2a74eb1c2766dc54f39

COCOAPODS: 1.10.0
