// !$*UTF8*$!
{
	archiveVersion = 1;
	classes = {
	};
	objectVersion = 51;
	objects = {

/* Begin PBXBuildFile section */
		28996C3F9D5A68C8800146CB /* Pods_WhatsNextTests.framework in Frameworks */ = {isa = PBXBuildFile; fileRef = 46E06185A61DD017747542B3 /* Pods_WhatsNextTests.framework */; };
		E6B759C313EE73DC72A73D6C /* Pods_WhatsNext_WhatsNextUITests.framework in Frameworks */ = {isa = PBXBuildFile; fileRef = 82981B366D897D5A48329A05 /* Pods_WhatsNext_WhatsNextUITests.framework */; };
		E9005FEB2556AC2D00527CAB /* Film.swift in Sources */ = {isa = PBXBuildFile; fileRef = E9005FEA2556AC2D00527CAB /* Film.swift */; };
		E9005FF72556AEF900527CAB /* Network.swift in Sources */ = {isa = PBXBuildFile; fileRef = E9005FF62556AEF900527CAB /* Network.swift */; };
		E900A36D25695851000EA745 /* FilmCardViewController.swift in Sources */ = {isa = PBXBuildFile; fileRef = E900A36C25695851000EA745 /* FilmCardViewController.swift */; };
		E915474525580AE000BAE527 /* NetworkLogger.swift in Sources */ = {isa = PBXBuildFile; fileRef = E915474425580AE000BAE527 /* NetworkLogger.swift */; };
		E93A609C25517EA500BCB979 /* AppDelegate.swift in Sources */ = {isa = PBXBuildFile; fileRef = E93A609B25517EA500BCB979 /* AppDelegate.swift */; };
		E93A60A325517EA500BCB979 /* Main.storyboard in Resources */ = {isa = PBXBuildFile; fileRef = E93A60A125517EA500BCB979 /* Main.storyboard */; };
		E93A60A525517EB800BCB979 /* Assets.xcassets in Resources */ = {isa = PBXBuildFile; fileRef = E93A60A425517EB800BCB979 /* Assets.xcassets */; };
		E93A60A825517EB800BCB979 /* LaunchScreen.storyboard in Resources */ = {isa = PBXBuildFile; fileRef = E93A60A625517EB800BCB979 /* LaunchScreen.storyboard */; };
		E93A60B325517EB900BCB979 /* WhatsNextTests.swift in Sources */ = {isa = PBXBuildFile; fileRef = E93A60B225517EB900BCB979 /* WhatsNextTests.swift */; };
		E93A60BE25517EB900BCB979 /* WhatsNextUITests.swift in Sources */ = {isa = PBXBuildFile; fileRef = E93A60BD25517EB900BCB979 /* WhatsNextUITests.swift */; };
		E93EE4102556ED28003133FD /* LoginViewController.swift in Sources */ = {isa = PBXBuildFile; fileRef = E93EE40F2556ED28003133FD /* LoginViewController.swift */; };
		E93EE4152556ED5D003133FD /* User.swift in Sources */ = {isa = PBXBuildFile; fileRef = E93EE4142556ED5D003133FD /* User.swift */; };
		E9460EC4256A9590001B631C /* Films.swift in Sources */ = {isa = PBXBuildFile; fileRef = E9460EC3256A9590001B631C /* Films.swift */; };
		E95A713E25604541001B16F5 /* TokenManager.swift in Sources */ = {isa = PBXBuildFile; fileRef = E95A713D25604541001B16F5 /* TokenManager.swift */; };
		E95A71502560462D001B16F5 /* SecureStore.swift in Sources */ = {isa = PBXBuildFile; fileRef = E95A714E2560462C001B16F5 /* SecureStore.swift */; };
		E95A71512560462D001B16F5 /* SecureStoreError.swift in Sources */ = {isa = PBXBuildFile; fileRef = E95A714D2560462C001B16F5 /* SecureStoreError.swift */; };
		E95A71522560462D001B16F5 /* SecureStoreQueryable.swift in Sources */ = {isa = PBXBuildFile; fileRef = E95A714F2560462D001B16F5 /* SecureStoreQueryable.swift */; };
		E981531A255AA9E500933589 /* NetworkRouter.swift in Sources */ = {isa = PBXBuildFile; fileRef = E9815319255AA9E500933589 /* NetworkRouter.swift */; };
		E9815322255AAF3B00933589 /* FilmFavouritesViewController.swift in Sources */ = {isa = PBXBuildFile; fileRef = E9815321255AAF3B00933589 /* FilmFavouritesViewController.swift */; };
		E99FCAFC2596884F00051338 /* TheTabBarViewController.swift in Sources */ = {isa = PBXBuildFile; fileRef = E99FCAFB2596884F00051338 /* TheTabBarViewController.swift */; };
		E9A1EEF72557D7CA0056B786 /* SceneDelegate.swift in Sources */ = {isa = PBXBuildFile; fileRef = E9A1EEF62557D7CA0056B786 /* SceneDelegate.swift */; };
		E9B14A3C2573D1660082DBAC /* FilmWatchlistViewController.swift in Sources */ = {isa = PBXBuildFile; fileRef = E9B14A3B2573D1660082DBAC /* FilmWatchlistViewController.swift */; };
		E9D142312595F88600CEF91E /* FilmDetailViewController.swift in Sources */ = {isa = PBXBuildFile; fileRef = E9D142302595F88600CEF91E /* FilmDetailViewController.swift */; };
		E9D142362595FC7C00CEF91E /* Validation.swift in Sources */ = {isa = PBXBuildFile; fileRef = E9D142352595FC7C00CEF91E /* Validation.swift */; };
		E9D5123A2573B76500A4623B /* Register.swift in Sources */ = {isa = PBXBuildFile; fileRef = E9D512392573B76500A4623B /* Register.swift */; };
		E9D7C5862556B8E900644AF9 /* AuthRequestInterceptor.swift in Sources */ = {isa = PBXBuildFile; fileRef = E9D7C5852556B8E900644AF9 /* AuthRequestInterceptor.swift */; };
		E9F9830925574B3700313C9E /* Login.swift in Sources */ = {isa = PBXBuildFile; fileRef = E9F9830825574B3700313C9E /* Login.swift */; };
		ECBCA6380CAAD57CDC4F4F9F /* Pods_WhatsNext.framework in Frameworks */ = {isa = PBXBuildFile; fileRef = 9E46AECBE5705A065007F4D4 /* Pods_WhatsNext.framework */; };
/* End PBXBuildFile section */

/* Begin PBXContainerItemProxy section */
		E93A60AF25517EB900BCB979 /* PBXContainerItemProxy */ = {
			isa = PBXContainerItemProxy;
			containerPortal = E93A609025517EA500BCB979 /* Project object */;
			proxyType = 1;
			remoteGlobalIDString = E93A609725517EA500BCB979;
			remoteInfo = WhatsNext;
		};
		E93A60BA25517EB900BCB979 /* PBXContainerItemProxy */ = {
			isa = PBXContainerItemProxy;
			containerPortal = E93A609025517EA500BCB979 /* Project object */;
			proxyType = 1;
			remoteGlobalIDString = E93A609725517EA500BCB979;
			remoteInfo = WhatsNext;
		};
/* End PBXContainerItemProxy section */

/* Begin PBXFileReference section */
		335677CFEF64C7A9786BDC38 /* Pods-WhatsNext.release.xcconfig */ = {isa = PBXFileReference; includeInIndex = 1; lastKnownFileType = text.xcconfig; name = "Pods-WhatsNext.release.xcconfig"; path = "Target Support Files/Pods-WhatsNext/Pods-WhatsNext.release.xcconfig"; sourceTree = "<group>"; };
		46E06185A61DD017747542B3 /* Pods_WhatsNextTests.framework */ = {isa = PBXFileReference; explicitFileType = wrapper.framework; includeInIndex = 0; path = Pods_WhatsNextTests.framework; sourceTree = BUILT_PRODUCTS_DIR; };
		7821DB08405E5735AD216762 /* Pods-WhatsNextTests.release.xcconfig */ = {isa = PBXFileReference; includeInIndex = 1; lastKnownFileType = text.xcconfig; name = "Pods-WhatsNextTests.release.xcconfig"; path = "Target Support Files/Pods-WhatsNextTests/Pods-WhatsNextTests.release.xcconfig"; sourceTree = "<group>"; };
		7FEF31675112A23C8435459F /* Pods-WhatsNext.debug.xcconfig */ = {isa = PBXFileReference; includeInIndex = 1; lastKnownFileType = text.xcconfig; name = "Pods-WhatsNext.debug.xcconfig"; path = "Target Support Files/Pods-WhatsNext/Pods-WhatsNext.debug.xcconfig"; sourceTree = "<group>"; };
		82981B366D897D5A48329A05 /* Pods_WhatsNext_WhatsNextUITests.framework */ = {isa = PBXFileReference; explicitFileType = wrapper.framework; includeInIndex = 0; path = Pods_WhatsNext_WhatsNextUITests.framework; sourceTree = BUILT_PRODUCTS_DIR; };
		87FD7A78D7BF4F22BB324976 /* Pods-WhatsNext-WhatsNextUITests.release.xcconfig */ = {isa = PBXFileReference; includeInIndex = 1; lastKnownFileType = text.xcconfig; name = "Pods-WhatsNext-WhatsNextUITests.release.xcconfig"; path = "Target Support Files/Pods-WhatsNext-WhatsNextUITests/Pods-WhatsNext-WhatsNextUITests.release.xcconfig"; sourceTree = "<group>"; };
		9E46AECBE5705A065007F4D4 /* Pods_WhatsNext.framework */ = {isa = PBXFileReference; explicitFileType = wrapper.framework; includeInIndex = 0; path = Pods_WhatsNext.framework; sourceTree = BUILT_PRODUCTS_DIR; };
		A4B783071FCE52CE69AED130 /* Pods-WhatsNext-WhatsNextUITests.debug.xcconfig */ = {isa = PBXFileReference; includeInIndex = 1; lastKnownFileType = text.xcconfig; name = "Pods-WhatsNext-WhatsNextUITests.debug.xcconfig"; path = "Target Support Files/Pods-WhatsNext-WhatsNextUITests/Pods-WhatsNext-WhatsNextUITests.debug.xcconfig"; sourceTree = "<group>"; };
		E9005FEA2556AC2D00527CAB /* Film.swift */ = {isa = PBXFileReference; lastKnownFileType = sourcecode.swift; path = Film.swift; sourceTree = "<group>"; };
		E9005FF62556AEF900527CAB /* Network.swift */ = {isa = PBXFileReference; lastKnownFileType = sourcecode.swift; path = Network.swift; sourceTree = "<group>"; };
		E900A36C25695851000EA745 /* FilmCardViewController.swift */ = {isa = PBXFileReference; lastKnownFileType = sourcecode.swift; path = FilmCardViewController.swift; sourceTree = "<group>"; };
		E915474425580AE000BAE527 /* NetworkLogger.swift */ = {isa = PBXFileReference; lastKnownFileType = sourcecode.swift; path = NetworkLogger.swift; sourceTree = "<group>"; };
		E93A609825517EA500BCB979 /* WhatsNext.app */ = {isa = PBXFileReference; explicitFileType = wrapper.application; includeInIndex = 0; path = WhatsNext.app; sourceTree = BUILT_PRODUCTS_DIR; };
		E93A609B25517EA500BCB979 /* AppDelegate.swift */ = {isa = PBXFileReference; lastKnownFileType = sourcecode.swift; path = AppDelegate.swift; sourceTree = "<group>"; };
		E93A60A225517EA500BCB979 /* Base */ = {isa = PBXFileReference; lastKnownFileType = file.storyboard; name = Base; path = Base.lproj/Main.storyboard; sourceTree = "<group>"; };
		E93A60A425517EB800BCB979 /* Assets.xcassets */ = {isa = PBXFileReference; lastKnownFileType = folder.assetcatalog; path = Assets.xcassets; sourceTree = "<group>"; };
		E93A60A725517EB800BCB979 /* Base */ = {isa = PBXFileReference; lastKnownFileType = file.storyboard; name = Base; path = Base.lproj/LaunchScreen.storyboard; sourceTree = "<group>"; };
		E93A60A925517EB800BCB979 /* Info.plist */ = {isa = PBXFileReference; lastKnownFileType = text.plist.xml; path = Info.plist; sourceTree = "<group>"; };
		E93A60AE25517EB800BCB979 /* WhatsNextTests.xctest */ = {isa = PBXFileReference; explicitFileType = wrapper.cfbundle; includeInIndex = 0; path = WhatsNextTests.xctest; sourceTree = BUILT_PRODUCTS_DIR; };
		E93A60B225517EB900BCB979 /* WhatsNextTests.swift */ = {isa = PBXFileReference; lastKnownFileType = sourcecode.swift; path = WhatsNextTests.swift; sourceTree = "<group>"; };
		E93A60B425517EB900BCB979 /* Info.plist */ = {isa = PBXFileReference; lastKnownFileType = text.plist.xml; path = Info.plist; sourceTree = "<group>"; };
		E93A60B925517EB900BCB979 /* WhatsNextUITests.xctest */ = {isa = PBXFileReference; explicitFileType = wrapper.cfbundle; includeInIndex = 0; path = WhatsNextUITests.xctest; sourceTree = BUILT_PRODUCTS_DIR; };
		E93A60BD25517EB900BCB979 /* WhatsNextUITests.swift */ = {isa = PBXFileReference; lastKnownFileType = sourcecode.swift; path = WhatsNextUITests.swift; sourceTree = "<group>"; };
		E93A60BF25517EB900BCB979 /* Info.plist */ = {isa = PBXFileReference; lastKnownFileType = text.plist.xml; path = Info.plist; sourceTree = "<group>"; };
		E93EE40F2556ED28003133FD /* LoginViewController.swift */ = {isa = PBXFileReference; lastKnownFileType = sourcecode.swift; path = LoginViewController.swift; sourceTree = "<group>"; };
		E93EE4142556ED5D003133FD /* User.swift */ = {isa = PBXFileReference; lastKnownFileType = sourcecode.swift; path = User.swift; sourceTree = "<group>"; };
		E9460EC3256A9590001B631C /* Films.swift */ = {isa = PBXFileReference; lastKnownFileType = sourcecode.swift; path = Films.swift; sourceTree = "<group>"; };
		E94B0386558C7F2A15A81719 /* Pods-WhatsNextTests.debug.xcconfig */ = {isa = PBXFileReference; includeInIndex = 1; lastKnownFileType = text.xcconfig; name = "Pods-WhatsNextTests.debug.xcconfig"; path = "Target Support Files/Pods-WhatsNextTests/Pods-WhatsNextTests.debug.xcconfig"; sourceTree = "<group>"; };
		E95A713D25604541001B16F5 /* TokenManager.swift */ = {isa = PBXFileReference; fileEncoding = 4; lastKnownFileType = sourcecode.swift; path = TokenManager.swift; sourceTree = "<group>"; };
		E95A714D2560462C001B16F5 /* SecureStoreError.swift */ = {isa = PBXFileReference; lastKnownFileType = sourcecode.swift; path = SecureStoreError.swift; sourceTree = "<group>"; };
		E95A714E2560462C001B16F5 /* SecureStore.swift */ = {isa = PBXFileReference; lastKnownFileType = sourcecode.swift; path = SecureStore.swift; sourceTree = "<group>"; };
		E95A714F2560462D001B16F5 /* SecureStoreQueryable.swift */ = {isa = PBXFileReference; lastKnownFileType = sourcecode.swift; path = SecureStoreQueryable.swift; sourceTree = "<group>"; };
		E9815319255AA9E500933589 /* NetworkRouter.swift */ = {isa = PBXFileReference; lastKnownFileType = sourcecode.swift; path = NetworkRouter.swift; sourceTree = "<group>"; };
		E9815321255AAF3B00933589 /* FilmFavouritesViewController.swift */ = {isa = PBXFileReference; lastKnownFileType = sourcecode.swift; path = FilmFavouritesViewController.swift; sourceTree = "<group>"; };
		E99FCAFB2596884F00051338 /* TheTabBarViewController.swift */ = {isa = PBXFileReference; lastKnownFileType = sourcecode.swift; path = TheTabBarViewController.swift; sourceTree = "<group>"; };
		E9A1EEF62557D7CA0056B786 /* SceneDelegate.swift */ = {isa = PBXFileReference; lastKnownFileType = sourcecode.swift; path = SceneDelegate.swift; sourceTree = "<group>"; };
		E9B14A3B2573D1660082DBAC /* FilmWatchlistViewController.swift */ = {isa = PBXFileReference; lastKnownFileType = sourcecode.swift; path = FilmWatchlistViewController.swift; sourceTree = "<group>"; };
		E9D142302595F88600CEF91E /* FilmDetailViewController.swift */ = {isa = PBXFileReference; lastKnownFileType = sourcecode.swift; path = FilmDetailViewController.swift; sourceTree = "<group>"; };
		E9D142352595FC7C00CEF91E /* Validation.swift */ = {isa = PBXFileReference; lastKnownFileType = sourcecode.swift; path = Validation.swift; sourceTree = "<group>"; };
		E9D512392573B76500A4623B /* Register.swift */ = {isa = PBXFileReference; lastKnownFileType = sourcecode.swift; path = Register.swift; sourceTree = "<group>"; };
		E9D7C5852556B8E900644AF9 /* AuthRequestInterceptor.swift */ = {isa = PBXFileReference; lastKnownFileType = sourcecode.swift; path = AuthRequestInterceptor.swift; sourceTree = "<group>"; };
		E9F9830825574B3700313C9E /* Login.swift */ = {isa = PBXFileReference; lastKnownFileType = sourcecode.swift; path = Login.swift; sourceTree = "<group>"; };
/* End PBXFileReference section */

/* Begin PBXFrameworksBuildPhase section */
		E93A609525517EA500BCB979 /* Frameworks */ = {
			isa = PBXFrameworksBuildPhase;
			buildActionMask = 2147483647;
			files = (
				ECBCA6380CAAD57CDC4F4F9F /* Pods_WhatsNext.framework in Frameworks */,
			);
			runOnlyForDeploymentPostprocessing = 0;
		};
		E93A60AB25517EB800BCB979 /* Frameworks */ = {
			isa = PBXFrameworksBuildPhase;
			buildActionMask = 2147483647;
			files = (
				28996C3F9D5A68C8800146CB /* Pods_WhatsNextTests.framework in Frameworks */,
			);
			runOnlyForDeploymentPostprocessing = 0;
		};
		E93A60B625517EB900BCB979 /* Frameworks */ = {
			isa = PBXFrameworksBuildPhase;
			buildActionMask = 2147483647;
			files = (
				E6B759C313EE73DC72A73D6C /* Pods_WhatsNext_WhatsNextUITests.framework in Frameworks */,
			);
			runOnlyForDeploymentPostprocessing = 0;
		};
/* End PBXFrameworksBuildPhase section */

/* Begin PBXGroup section */
		10ADF6007CE36F8E040AACA6 /* Frameworks */ = {
			isa = PBXGroup;
			children = (
				9E46AECBE5705A065007F4D4 /* Pods_WhatsNext.framework */,
				82981B366D897D5A48329A05 /* Pods_WhatsNext_WhatsNextUITests.framework */,
				46E06185A61DD017747542B3 /* Pods_WhatsNextTests.framework */,
			);
			name = Frameworks;
			sourceTree = "<group>";
		};
		C5D9E01C21B6929AA6EC371D /* Pods */ = {
			isa = PBXGroup;
			children = (
				7FEF31675112A23C8435459F /* Pods-WhatsNext.debug.xcconfig */,
				335677CFEF64C7A9786BDC38 /* Pods-WhatsNext.release.xcconfig */,
				A4B783071FCE52CE69AED130 /* Pods-WhatsNext-WhatsNextUITests.debug.xcconfig */,
				87FD7A78D7BF4F22BB324976 /* Pods-WhatsNext-WhatsNextUITests.release.xcconfig */,
				E94B0386558C7F2A15A81719 /* Pods-WhatsNextTests.debug.xcconfig */,
				7821DB08405E5735AD216762 /* Pods-WhatsNextTests.release.xcconfig */,
			);
			path = Pods;
			sourceTree = "<group>";
		};
		E93A608F25517EA500BCB979 = {
			isa = PBXGroup;
			children = (
				E93A609A25517EA500BCB979 /* WhatsNext */,
				E93A60B125517EB900BCB979 /* WhatsNextTests */,
				E93A60BC25517EB900BCB979 /* WhatsNextUITests */,
				E93A609925517EA500BCB979 /* Products */,
				C5D9E01C21B6929AA6EC371D /* Pods */,
				10ADF6007CE36F8E040AACA6 /* Frameworks */,
			);
			sourceTree = "<group>";
		};
		E93A609925517EA500BCB979 /* Products */ = {
			isa = PBXGroup;
			children = (
				E93A609825517EA500BCB979 /* WhatsNext.app */,
				E93A60AE25517EB800BCB979 /* WhatsNextTests.xctest */,
				E93A60B925517EB900BCB979 /* WhatsNextUITests.xctest */,
			);
			name = Products;
			sourceTree = "<group>";
		};
		E93A609A25517EA500BCB979 /* WhatsNext */ = {
			isa = PBXGroup;
			children = (
				E95A715925604637001B16F5 /* SecureStore */,
				E93A60A925517EB800BCB979 /* Info.plist */,
				E93A609B25517EA500BCB979 /* AppDelegate.swift */,
				E9A1EEF62557D7CA0056B786 /* SceneDelegate.swift */,
				E93EE4282556F1BF003133FD /* Resources */,
				E93EE4232556F150003133FD /* Controllers */,
				E93EE4222556F14C003133FD /* View */,
				E93EE3F92556E990003133FD /* Model */,
				E9D7C5852556B8E900644AF9 /* AuthRequestInterceptor.swift */,
				E915474425580AE000BAE527 /* NetworkLogger.swift */,
				E9D142352595FC7C00CEF91E /* Validation.swift */,
			);
			path = WhatsNext;
			sourceTree = "<group>";
		};
		E93A60B125517EB900BCB979 /* WhatsNextTests */ = {
			isa = PBXGroup;
			children = (
				E93A60B225517EB900BCB979 /* WhatsNextTests.swift */,
				E93A60B425517EB900BCB979 /* Info.plist */,
			);
			path = WhatsNextTests;
			sourceTree = "<group>";
		};
		E93A60BC25517EB900BCB979 /* WhatsNextUITests */ = {
			isa = PBXGroup;
			children = (
				E93A60BD25517EB900BCB979 /* WhatsNextUITests.swift */,
				E93A60BF25517EB900BCB979 /* Info.plist */,
			);
			path = WhatsNextUITests;
			sourceTree = "<group>";
		};
		E93EE3F92556E990003133FD /* Model */ = {
			isa = PBXGroup;
			children = (
				E95A713D25604541001B16F5 /* TokenManager.swift */,
				E9005FF62556AEF900527CAB /* Network.swift */,
				E9005FEA2556AC2D00527CAB /* Film.swift */,
				E93EE4142556ED5D003133FD /* User.swift */,
				E9F9830825574B3700313C9E /* Login.swift */,
				E9815319255AA9E500933589 /* NetworkRouter.swift */,
				E9460EC3256A9590001B631C /* Films.swift */,
				E9D512392573B76500A4623B /* Register.swift */,
			);
			path = Model;
			sourceTree = "<group>";
		};
		E93EE4222556F14C003133FD /* View */ = {
			isa = PBXGroup;
			children = (
				E93EE4272556F1B0003133FD /* Cells */,
			);
			path = View;
			sourceTree = "<group>";
		};
		E93EE4232556F150003133FD /* Controllers */ = {
			isa = PBXGroup;
			children = (
				E93EE40F2556ED28003133FD /* LoginViewController.swift */,
				E9815321255AAF3B00933589 /* FilmFavouritesViewController.swift */,
				E900A36C25695851000EA745 /* FilmCardViewController.swift */,
				E9B14A3B2573D1660082DBAC /* FilmWatchlistViewController.swift */,
				E9D142302595F88600CEF91E /* FilmDetailViewController.swift */,
				E99FCAFB2596884F00051338 /* TheTabBarViewController.swift */,
			);
			path = Controllers;
			sourceTree = "<group>";
		};
		E93EE4272556F1B0003133FD /* Cells */ = {
			isa = PBXGroup;
			children = (
			);
			path = Cells;
			sourceTree = "<group>";
		};
		E93EE4282556F1BF003133FD /* Resources */ = {
			isa = PBXGroup;
			children = (
				E93A60A125517EA500BCB979 /* Main.storyboard */,
				E93A60A625517EB800BCB979 /* LaunchScreen.storyboard */,
				E93A60A425517EB800BCB979 /* Assets.xcassets */,
			);
			path = Resources;
			sourceTree = "<group>";
		};
		E95A715925604637001B16F5 /* SecureStore */ = {
			isa = PBXGroup;
			children = (
				E95A714E2560462C001B16F5 /* SecureStore.swift */,
				E95A714D2560462C001B16F5 /* SecureStoreError.swift */,
				E95A714F2560462D001B16F5 /* SecureStoreQueryable.swift */,
			);
			path = SecureStore;
			sourceTree = "<group>";
		};
/* End PBXGroup section */

/* Begin PBXNativeTarget section */
		E93A609725517EA500BCB979 /* WhatsNext */ = {
			isa = PBXNativeTarget;
			buildConfigurationList = E93A60C225517EB900BCB979 /* Build configuration list for PBXNativeTarget "WhatsNext" */;
			buildPhases = (
				D5BB3BE09F92F23E0F012157 /* [CP] Check Pods Manifest.lock */,
				E93A609425517EA500BCB979 /* Sources */,
				E93A609525517EA500BCB979 /* Frameworks */,
				E93A609625517EA500BCB979 /* Resources */,
				B81656C3DD5B254904EA01EB /* [CP] Embed Pods Frameworks */,
				E9F982E82557479900313C9E /* ShellScript */,
			);
			buildRules = (
			);
			dependencies = (
			);
			name = WhatsNext;
			productName = WhatsNext;
			productReference = E93A609825517EA500BCB979 /* WhatsNext.app */;
			productType = "com.apple.product-type.application";
		};
		E93A60AD25517EB800BCB979 /* WhatsNextTests */ = {
			isa = PBXNativeTarget;
			buildConfigurationList = E93A60C525517EB900BCB979 /* Build configuration list for PBXNativeTarget "WhatsNextTests" */;
			buildPhases = (
				4548C4EF8EFD6547BBB8E501 /* [CP] Check Pods Manifest.lock */,
				E93A60AA25517EB800BCB979 /* Sources */,
				E93A60AB25517EB800BCB979 /* Frameworks */,
				E93A60AC25517EB800BCB979 /* Resources */,
			);
			buildRules = (
			);
			dependencies = (
				E93A60B025517EB900BCB979 /* PBXTargetDependency */,
			);
			name = WhatsNextTests;
			productName = WhatsNextTests;
			productReference = E93A60AE25517EB800BCB979 /* WhatsNextTests.xctest */;
			productType = "com.apple.product-type.bundle.unit-test";
		};
		E93A60B825517EB900BCB979 /* WhatsNextUITests */ = {
			isa = PBXNativeTarget;
			buildConfigurationList = E93A60C825517EB900BCB979 /* Build configuration list for PBXNativeTarget "WhatsNextUITests" */;
			buildPhases = (
				82E63BEA395EED95D70CAEED /* [CP] Check Pods Manifest.lock */,
				E93A60B525517EB900BCB979 /* Sources */,
				E93A60B625517EB900BCB979 /* Frameworks */,
				E93A60B725517EB900BCB979 /* Resources */,
				96FD38ED306252704042A10F /* [CP] Embed Pods Frameworks */,
			);
			buildRules = (
			);
			dependencies = (
				E93A60BB25517EB900BCB979 /* PBXTargetDependency */,
			);
			name = WhatsNextUITests;
			productName = WhatsNextUITests;
			productReference = E93A60B925517EB900BCB979 /* WhatsNextUITests.xctest */;
			productType = "com.apple.product-type.bundle.ui-testing";
		};
/* End PBXNativeTarget section */

/* Begin PBXProject section */
		E93A609025517EA500BCB979 /* Project object */ = {
			isa = PBXProject;
			attributes = {
				LastSwiftUpdateCheck = 1200;
				LastUpgradeCheck = 1200;
				TargetAttributes = {
					E93A609725517EA500BCB979 = {
						CreatedOnToolsVersion = 12.0.1;
					};
					E93A60AD25517EB800BCB979 = {
						CreatedOnToolsVersion = 12.0.1;
						TestTargetID = E93A609725517EA500BCB979;
					};
					E93A60B825517EB900BCB979 = {
						CreatedOnToolsVersion = 12.0.1;
						TestTargetID = E93A609725517EA500BCB979;
					};
				};
			};
			buildConfigurationList = E93A609325517EA500BCB979 /* Build configuration list for PBXProject "WhatsNext" */;
			compatibilityVersion = "Xcode 9.3";
			developmentRegion = en;
			hasScannedForEncodings = 0;
			knownRegions = (
				en,
				Base,
			);
			mainGroup = E93A608F25517EA500BCB979;
			productRefGroup = E93A609925517EA500BCB979 /* Products */;
			projectDirPath = "";
			projectRoot = "";
			targets = (
				E93A609725517EA500BCB979 /* WhatsNext */,
				E93A60AD25517EB800BCB979 /* WhatsNextTests */,
				E93A60B825517EB900BCB979 /* WhatsNextUITests */,
			);
		};
/* End PBXProject section */

/* Begin PBXResourcesBuildPhase section */
		E93A609625517EA500BCB979 /* Resources */ = {
			isa = PBXResourcesBuildPhase;
			buildActionMask = 2147483647;
			files = (
				E93A60A825517EB800BCB979 /* LaunchScreen.storyboard in Resources */,
				E93A60A525517EB800BCB979 /* Assets.xcassets in Resources */,
				E93A60A325517EA500BCB979 /* Main.storyboard in Resources */,
			);
			runOnlyForDeploymentPostprocessing = 0;
		};
		E93A60AC25517EB800BCB979 /* Resources */ = {
			isa = PBXResourcesBuildPhase;
			buildActionMask = 2147483647;
			files = (
			);
			runOnlyForDeploymentPostprocessing = 0;
		};
		E93A60B725517EB900BCB979 /* Resources */ = {
			isa = PBXResourcesBuildPhase;
			buildActionMask = 2147483647;
			files = (
			);
			runOnlyForDeploymentPostprocessing = 0;
		};
/* End PBXResourcesBuildPhase section */

/* Begin PBXShellScriptBuildPhase section */
		4548C4EF8EFD6547BBB8E501 /* [CP] Check Pods Manifest.lock */ = {
			isa = PBXShellScriptBuildPhase;
			buildActionMask = 2147483647;
			files = (
			);
			inputFileListPaths = (
			);
			inputPaths = (
				"${PODS_PODFILE_DIR_PATH}/Podfile.lock",
				"${PODS_ROOT}/Manifest.lock",
			);
			name = "[CP] Check Pods Manifest.lock";
			outputFileListPaths = (
			);
			outputPaths = (
				"$(DERIVED_FILE_DIR)/Pods-WhatsNextTests-checkManifestLockResult.txt",
			);
			runOnlyForDeploymentPostprocessing = 0;
			shellPath = /bin/sh;
			shellScript = "diff \"${PODS_PODFILE_DIR_PATH}/Podfile.lock\" \"${PODS_ROOT}/Manifest.lock\" > /dev/null\nif [ $? != 0 ] ; then\n    # print error to STDERR\n    echo \"error: The sandbox is not in sync with the Podfile.lock. Run 'pod install' or update your CocoaPods installation.\" >&2\n    exit 1\nfi\n# This output is used by Xcode 'outputs' to avoid re-running this script phase.\necho \"SUCCESS\" > \"${SCRIPT_OUTPUT_FILE_0}\"\n";
			showEnvVarsInLog = 0;
		};
		82E63BEA395EED95D70CAEED /* [CP] Check Pods Manifest.lock */ = {
			isa = PBXShellScriptBuildPhase;
			buildActionMask = 2147483647;
			files = (
			);
			inputFileListPaths = (
			);
			inputPaths = (
				"${PODS_PODFILE_DIR_PATH}/Podfile.lock",
				"${PODS_ROOT}/Manifest.lock",
			);
			name = "[CP] Check Pods Manifest.lock";
			outputFileListPaths = (
			);
			outputPaths = (
				"$(DERIVED_FILE_DIR)/Pods-WhatsNext-WhatsNextUITests-checkManifestLockResult.txt",
			);
			runOnlyForDeploymentPostprocessing = 0;
			shellPath = /bin/sh;
			shellScript = "diff \"${PODS_PODFILE_DIR_PATH}/Podfile.lock\" \"${PODS_ROOT}/Manifest.lock\" > /dev/null\nif [ $? != 0 ] ; then\n    # print error to STDERR\n    echo \"error: The sandbox is not in sync with the Podfile.lock. Run 'pod install' or update your CocoaPods installation.\" >&2\n    exit 1\nfi\n# This output is used by Xcode 'outputs' to avoid re-running this script phase.\necho \"SUCCESS\" > \"${SCRIPT_OUTPUT_FILE_0}\"\n";
			showEnvVarsInLog = 0;
		};
		96FD38ED306252704042A10F /* [CP] Embed Pods Frameworks */ = {
			isa = PBXShellScriptBuildPhase;
			buildActionMask = 2147483647;
			files = (
			);
			inputFileListPaths = (
				"${PODS_ROOT}/Target Support Files/Pods-WhatsNext-WhatsNextUITests/Pods-WhatsNext-WhatsNextUITests-frameworks-${CONFIGURATION}-input-files.xcfilelist",
			);
			name = "[CP] Embed Pods Frameworks";
			outputFileListPaths = (
				"${PODS_ROOT}/Target Support Files/Pods-WhatsNext-WhatsNextUITests/Pods-WhatsNext-WhatsNextUITests-frameworks-${CONFIGURATION}-output-files.xcfilelist",
			);
			runOnlyForDeploymentPostprocessing = 0;
			shellPath = /bin/sh;
			shellScript = "\"${PODS_ROOT}/Target Support Files/Pods-WhatsNext-WhatsNextUITests/Pods-WhatsNext-WhatsNextUITests-frameworks.sh\"\n";
			showEnvVarsInLog = 0;
		};
		B81656C3DD5B254904EA01EB /* [CP] Embed Pods Frameworks */ = {
			isa = PBXShellScriptBuildPhase;
			buildActionMask = 2147483647;
			files = (
			);
			inputFileListPaths = (
				"${PODS_ROOT}/Target Support Files/Pods-WhatsNext/Pods-WhatsNext-frameworks-${CONFIGURATION}-input-files.xcfilelist",
			);
			name = "[CP] Embed Pods Frameworks";
			outputFileListPaths = (
				"${PODS_ROOT}/Target Support Files/Pods-WhatsNext/Pods-WhatsNext-frameworks-${CONFIGURATION}-output-files.xcfilelist",
			);
			runOnlyForDeploymentPostprocessing = 0;
			shellPath = /bin/sh;
			shellScript = "\"${PODS_ROOT}/Target Support Files/Pods-WhatsNext/Pods-WhatsNext-frameworks.sh\"\n";
			showEnvVarsInLog = 0;
		};
		D5BB3BE09F92F23E0F012157 /* [CP] Check Pods Manifest.lock */ = {
			isa = PBXShellScriptBuildPhase;
			buildActionMask = 2147483647;
			files = (
			);
			inputFileListPaths = (
			);
			inputPaths = (
				"${PODS_PODFILE_DIR_PATH}/Podfile.lock",
				"${PODS_ROOT}/Manifest.lock",
			);
			name = "[CP] Check Pods Manifest.lock";
			outputFileListPaths = (
			);
			outputPaths = (
				"$(DERIVED_FILE_DIR)/Pods-WhatsNext-checkManifestLockResult.txt",
			);
			runOnlyForDeploymentPostprocessing = 0;
			shellPath = /bin/sh;
			shellScript = "diff \"${PODS_PODFILE_DIR_PATH}/Podfile.lock\" \"${PODS_ROOT}/Manifest.lock\" > /dev/null\nif [ $? != 0 ] ; then\n    # print error to STDERR\n    echo \"error: The sandbox is not in sync with the Podfile.lock. Run 'pod install' or update your CocoaPods installation.\" >&2\n    exit 1\nfi\n# This output is used by Xcode 'outputs' to avoid re-running this script phase.\necho \"SUCCESS\" > \"${SCRIPT_OUTPUT_FILE_0}\"\n";
			showEnvVarsInLog = 0;
		};
		E9F982E82557479900313C9E /* ShellScript */ = {
			isa = PBXShellScriptBuildPhase;
			buildActionMask = 2147483647;
			files = (
			);
			inputFileListPaths = (
			);
			inputPaths = (
			);
			outputFileListPaths = (
			);
			outputPaths = (
			);
			runOnlyForDeploymentPostprocessing = 0;
			shellPath = /bin/sh;
			shellScript = "# Type a script or drag a script file from your workspace to insert its path.\n\"${PODS_ROOT}/SwiftLint/swiftlint\"\n";
		};
/* End PBXShellScriptBuildPhase section */

/* Begin PBXSourcesBuildPhase section */
		E93A609425517EA500BCB979 /* Sources */ = {
			isa = PBXSourcesBuildPhase;
			buildActionMask = 2147483647;
			files = (
				E9005FEB2556AC2D00527CAB /* Film.swift in Sources */,
				E9D7C5862556B8E900644AF9 /* AuthRequestInterceptor.swift in Sources */,
				E93A609C25517EA500BCB979 /* AppDelegate.swift in Sources */,
				E95A71512560462D001B16F5 /* SecureStoreError.swift in Sources */,
				E9005FF72556AEF900527CAB /* Network.swift in Sources */,
				E9815322255AAF3B00933589 /* FilmFavouritesViewController.swift in Sources */,
				E99FCAFC2596884F00051338 /* TheTabBarViewController.swift in Sources */,
				E93EE4102556ED28003133FD /* LoginViewController.swift in Sources */,
				E9D142312595F88600CEF91E /* FilmDetailViewController.swift in Sources */,
				E93EE4152556ED5D003133FD /* User.swift in Sources */,
				E900A36D25695851000EA745 /* FilmCardViewController.swift in Sources */,
				E95A71522560462D001B16F5 /* SecureStoreQueryable.swift in Sources */,
				E915474525580AE000BAE527 /* NetworkLogger.swift in Sources */,
				E95A713E25604541001B16F5 /* TokenManager.swift in Sources */,
				E9D142362595FC7C00CEF91E /* Validation.swift in Sources */,
				E9D5123A2573B76500A4623B /* Register.swift in Sources */,
				E981531A255AA9E500933589 /* NetworkRouter.swift in Sources */,
				E9460EC4256A9590001B631C /* Films.swift in Sources */,
				E9F9830925574B3700313C9E /* Login.swift in Sources */,
				E9A1EEF72557D7CA0056B786 /* SceneDelegate.swift in Sources */,
				E95A71502560462D001B16F5 /* SecureStore.swift in Sources */,
				E9B14A3C2573D1660082DBAC /* FilmWatchlistViewController.swift in Sources */,
			);
			runOnlyForDeploymentPostprocessing = 0;
		};
		E93A60AA25517EB800BCB979 /* Sources */ = {
			isa = PBXSourcesBuildPhase;
			buildActionMask = 2147483647;
			files = (
				E93A60B325517EB900BCB979 /* WhatsNextTests.swift in Sources */,
			);
			runOnlyForDeploymentPostprocessing = 0;
		};
		E93A60B525517EB900BCB979 /* Sources */ = {
			isa = PBXSourcesBuildPhase;
			buildActionMask = 2147483647;
			files = (
				E93A60BE25517EB900BCB979 /* WhatsNextUITests.swift in Sources */,
			);
			runOnlyForDeploymentPostprocessing = 0;
		};
/* End PBXSourcesBuildPhase section */

/* Begin PBXTargetDependency section */
		E93A60B025517EB900BCB979 /* PBXTargetDependency */ = {
			isa = PBXTargetDependency;
			target = E93A609725517EA500BCB979 /* WhatsNext */;
			targetProxy = E93A60AF25517EB900BCB979 /* PBXContainerItemProxy */;
		};
		E93A60BB25517EB900BCB979 /* PBXTargetDependency */ = {
			isa = PBXTargetDependency;
			target = E93A609725517EA500BCB979 /* WhatsNext */;
			targetProxy = E93A60BA25517EB900BCB979 /* PBXContainerItemProxy */;
		};
/* End PBXTargetDependency section */

/* Begin PBXVariantGroup section */
		E93A60A125517EA500BCB979 /* Main.storyboard */ = {
			isa = PBXVariantGroup;
			children = (
				E93A60A225517EA500BCB979 /* Base */,
			);
			name = Main.storyboard;
			sourceTree = "<group>";
		};
		E93A60A625517EB800BCB979 /* LaunchScreen.storyboard */ = {
			isa = PBXVariantGroup;
			children = (
				E93A60A725517EB800BCB979 /* Base */,
			);
			name = LaunchScreen.storyboard;
			sourceTree = "<group>";
		};
/* End PBXVariantGroup section */

/* Begin XCBuildConfiguration section */
		E93A60C025517EB900BCB979 /* Debug */ = {
			isa = XCBuildConfiguration;
			buildSettings = {
				ALWAYS_SEARCH_USER_PATHS = NO;
				CLANG_ANALYZER_NONNULL = YES;
				CLANG_ANALYZER_NUMBER_OBJECT_CONVERSION = YES_AGGRESSIVE;
				CLANG_CXX_LANGUAGE_STANDARD = "gnu++14";
				CLANG_CXX_LIBRARY = "libc++";
				CLANG_ENABLE_MODULES = YES;
				CLANG_ENABLE_OBJC_ARC = YES;
				CLANG_ENABLE_OBJC_WEAK = YES;
				CLANG_WARN_BLOCK_CAPTURE_AUTORELEASING = YES;
				CLANG_WARN_BOOL_CONVERSION = YES;
				CLANG_WARN_COMMA = YES;
				CLANG_WARN_CONSTANT_CONVERSION = YES;
				CLANG_WARN_DEPRECATED_OBJC_IMPLEMENTATIONS = YES;
				CLANG_WARN_DIRECT_OBJC_ISA_USAGE = YES_ERROR;
				CLANG_WARN_DOCUMENTATION_COMMENTS = YES;
				CLANG_WARN_EMPTY_BODY = YES;
				CLANG_WARN_ENUM_CONVERSION = YES;
				CLANG_WARN_INFINITE_RECURSION = YES;
				CLANG_WARN_INT_CONVERSION = YES;
				CLANG_WARN_NON_LITERAL_NULL_CONVERSION = YES;
				CLANG_WARN_OBJC_IMPLICIT_RETAIN_SELF = YES;
				CLANG_WARN_OBJC_LITERAL_CONVERSION = YES;
				CLANG_WARN_OBJC_ROOT_CLASS = YES_ERROR;
				CLANG_WARN_QUOTED_INCLUDE_IN_FRAMEWORK_HEADER = YES;
				CLANG_WARN_RANGE_LOOP_ANALYSIS = YES;
				CLANG_WARN_STRICT_PROTOTYPES = YES;
				CLANG_WARN_SUSPICIOUS_MOVE = YES;
				CLANG_WARN_UNGUARDED_AVAILABILITY = YES_AGGRESSIVE;
				CLANG_WARN_UNREACHABLE_CODE = YES;
				CLANG_WARN__DUPLICATE_METHOD_MATCH = YES;
				COPY_PHASE_STRIP = NO;
				DEBUG_INFORMATION_FORMAT = dwarf;
				ENABLE_STRICT_OBJC_MSGSEND = YES;
				ENABLE_TESTABILITY = YES;
				GCC_C_LANGUAGE_STANDARD = gnu11;
				GCC_DYNAMIC_NO_PIC = NO;
				GCC_NO_COMMON_BLOCKS = YES;
				GCC_OPTIMIZATION_LEVEL = 0;
				GCC_PREPROCESSOR_DEFINITIONS = (
					"DEBUG=1",
					"$(inherited)",
				);
				GCC_WARN_64_TO_32_BIT_CONVERSION = YES;
				GCC_WARN_ABOUT_RETURN_TYPE = YES_ERROR;
				GCC_WARN_UNDECLARED_SELECTOR = YES;
				GCC_WARN_UNINITIALIZED_AUTOS = YES_AGGRESSIVE;
				GCC_WARN_UNUSED_FUNCTION = YES;
				GCC_WARN_UNUSED_VARIABLE = YES;
				IPHONEOS_DEPLOYMENT_TARGET = 14.0;
				MTL_ENABLE_DEBUG_INFO = INCLUDE_SOURCE;
				MTL_FAST_MATH = YES;
				ONLY_ACTIVE_ARCH = YES;
				SDKROOT = iphoneos;
				SWIFT_ACTIVE_COMPILATION_CONDITIONS = DEBUG;
				SWIFT_OPTIMIZATION_LEVEL = "-Onone";
			};
			name = Debug;
		};
		E93A60C125517EB900BCB979 /* Release */ = {
			isa = XCBuildConfiguration;
			buildSettings = {
				ALWAYS_SEARCH_USER_PATHS = NO;
				CLANG_ANALYZER_NONNULL = YES;
				CLANG_ANALYZER_NUMBER_OBJECT_CONVERSION = YES_AGGRESSIVE;
				CLANG_CXX_LANGUAGE_STANDARD = "gnu++14";
				CLANG_CXX_LIBRARY = "libc++";
				CLANG_ENABLE_MODULES = YES;
				CLANG_ENABLE_OBJC_ARC = YES;
				CLANG_ENABLE_OBJC_WEAK = YES;
				CLANG_WARN_BLOCK_CAPTURE_AUTORELEASING = YES;
				CLANG_WARN_BOOL_CONVERSION = YES;
				CLANG_WARN_COMMA = YES;
				CLANG_WARN_CONSTANT_CONVERSION = YES;
				CLANG_WARN_DEPRECATED_OBJC_IMPLEMENTATIONS = YES;
				CLANG_WARN_DIRECT_OBJC_ISA_USAGE = YES_ERROR;
				CLANG_WARN_DOCUMENTATION_COMMENTS = YES;
				CLANG_WARN_EMPTY_BODY = YES;
				CLANG_WARN_ENUM_CONVERSION = YES;
				CLANG_WARN_INFINITE_RECURSION = YES;
				CLANG_WARN_INT_CONVERSION = YES;
				CLANG_WARN_NON_LITERAL_NULL_CONVERSION = YES;
				CLANG_WARN_OBJC_IMPLICIT_RETAIN_SELF = YES;
				CLANG_WARN_OBJC_LITERAL_CONVERSION = YES;
				CLANG_WARN_OBJC_ROOT_CLASS = YES_ERROR;
				CLANG_WARN_QUOTED_INCLUDE_IN_FRAMEWORK_HEADER = YES;
				CLANG_WARN_RANGE_LOOP_ANALYSIS = YES;
				CLANG_WARN_STRICT_PROTOTYPES = YES;
				CLANG_WARN_SUSPICIOUS_MOVE = YES;
				CLANG_WARN_UNGUARDED_AVAILABILITY = YES_AGGRESSIVE;
				CLANG_WARN_UNREACHABLE_CODE = YES;
				CLANG_WARN__DUPLICATE_METHOD_MATCH = YES;
				COPY_PHASE_STRIP = NO;
				DEBUG_INFORMATION_FORMAT = "dwarf-with-dsym";
				ENABLE_NS_ASSERTIONS = NO;
				ENABLE_STRICT_OBJC_MSGSEND = YES;
				GCC_C_LANGUAGE_STANDARD = gnu11;
				GCC_NO_COMMON_BLOCKS = YES;
				GCC_WARN_64_TO_32_BIT_CONVERSION = YES;
				GCC_WARN_ABOUT_RETURN_TYPE = YES_ERROR;
				GCC_WARN_UNDECLARED_SELECTOR = YES;
				GCC_WARN_UNINITIALIZED_AUTOS = YES_AGGRESSIVE;
				GCC_WARN_UNUSED_FUNCTION = YES;
				GCC_WARN_UNUSED_VARIABLE = YES;
				IPHONEOS_DEPLOYMENT_TARGET = 14.0;
				MTL_ENABLE_DEBUG_INFO = NO;
				MTL_FAST_MATH = YES;
				SDKROOT = iphoneos;
				SWIFT_COMPILATION_MODE = wholemodule;
				SWIFT_OPTIMIZATION_LEVEL = "-O";
				VALIDATE_PRODUCT = YES;
			};
			name = Release;
		};
		E93A60C325517EB900BCB979 /* Debug */ = {
			isa = XCBuildConfiguration;
			baseConfigurationReference = 7FEF31675112A23C8435459F /* Pods-WhatsNext.debug.xcconfig */;
			buildSettings = {
				ASSETCATALOG_COMPILER_APPICON_NAME = AppIcon;
				ASSETCATALOG_COMPILER_GLOBAL_ACCENT_COLOR_NAME = AccentColor;
				CODE_SIGN_STYLE = Automatic;
				DEVELOPMENT_TEAM = 29WXDTQS63;
				INFOPLIST_FILE = WhatsNext/Info.plist;
				LD_RUNPATH_SEARCH_PATHS = (
					"$(inherited)",
					"@executable_path/Frameworks",
				);
				PRODUCT_BUNDLE_IDENTIFIER = rm.WhatsNext;
				PRODUCT_NAME = "$(TARGET_NAME)";
				SWIFT_VERSION = 5.0;
				TARGETED_DEVICE_FAMILY = "1,2";
			};
			name = Debug;
		};
		E93A60C425517EB900BCB979 /* Release */ = {
			isa = XCBuildConfiguration;
			baseConfigurationReference = 335677CFEF64C7A9786BDC38 /* Pods-WhatsNext.release.xcconfig */;
			buildSettings = {
				ASSETCATALOG_COMPILER_APPICON_NAME = AppIcon;
				ASSETCATALOG_COMPILER_GLOBAL_ACCENT_COLOR_NAME = AccentColor;
				CODE_SIGN_STYLE = Automatic;
				DEVELOPMENT_TEAM = 29WXDTQS63;
				INFOPLIST_FILE = WhatsNext/Info.plist;
				LD_RUNPATH_SEARCH_PATHS = (
					"$(inherited)",
					"@executable_path/Frameworks",
				);
				PRODUCT_BUNDLE_IDENTIFIER = rm.WhatsNext;
				PRODUCT_NAME = "$(TARGET_NAME)";
				SWIFT_VERSION = 5.0;
				TARGETED_DEVICE_FAMILY = "1,2";
			};
			name = Release;
		};
		E93A60C625517EB900BCB979 /* Debug */ = {
			isa = XCBuildConfiguration;
			baseConfigurationReference = E94B0386558C7F2A15A81719 /* Pods-WhatsNextTests.debug.xcconfig */;
			buildSettings = {
				ALWAYS_EMBED_SWIFT_STANDARD_LIBRARIES = YES;
				BUNDLE_LOADER = "$(TEST_HOST)";
				CODE_SIGN_STYLE = Automatic;
				DEVELOPMENT_TEAM = 29WXDTQS63;
				INFOPLIST_FILE = WhatsNextTests/Info.plist;
				IPHONEOS_DEPLOYMENT_TARGET = 14.0;
				LD_RUNPATH_SEARCH_PATHS = (
					"$(inherited)",
					"@executable_path/Frameworks",
					"@loader_path/Frameworks",
				);
				PRODUCT_BUNDLE_IDENTIFIER = rm.WhatsNextTests;
				PRODUCT_NAME = "$(TARGET_NAME)";
				SWIFT_VERSION = 5.0;
				TARGETED_DEVICE_FAMILY = "1,2";
				TEST_HOST = "$(BUILT_PRODUCTS_DIR)/WhatsNext.app/WhatsNext";
			};
			name = Debug;
		};
		E93A60C725517EB900BCB979 /* Release */ = {
			isa = XCBuildConfiguration;
			baseConfigurationReference = 7821DB08405E5735AD216762 /* Pods-WhatsNextTests.release.xcconfig */;
			buildSettings = {
				ALWAYS_EMBED_SWIFT_STANDARD_LIBRARIES = YES;
				BUNDLE_LOADER = "$(TEST_HOST)";
				CODE_SIGN_STYLE = Automatic;
				DEVELOPMENT_TEAM = 29WXDTQS63;
				INFOPLIST_FILE = WhatsNextTests/Info.plist;
				IPHONEOS_DEPLOYMENT_TARGET = 14.0;
				LD_RUNPATH_SEARCH_PATHS = (
					"$(inherited)",
					"@executable_path/Frameworks",
					"@loader_path/Frameworks",
				);
				PRODUCT_BUNDLE_IDENTIFIER = rm.WhatsNextTests;
				PRODUCT_NAME = "$(TARGET_NAME)";
				SWIFT_VERSION = 5.0;
				TARGETED_DEVICE_FAMILY = "1,2";
				TEST_HOST = "$(BUILT_PRODUCTS_DIR)/WhatsNext.app/WhatsNext";
			};
			name = Release;
		};
		E93A60C925517EB900BCB979 /* Debug */ = {
			isa = XCBuildConfiguration;
			baseConfigurationReference = A4B783071FCE52CE69AED130 /* Pods-WhatsNext-WhatsNextUITests.debug.xcconfig */;
			buildSettings = {
				ALWAYS_EMBED_SWIFT_STANDARD_LIBRARIES = YES;
				CODE_SIGN_STYLE = Automatic;
				DEVELOPMENT_TEAM = 29WXDTQS63;
				INFOPLIST_FILE = WhatsNextUITests/Info.plist;
				LD_RUNPATH_SEARCH_PATHS = (
					"$(inherited)",
					"@executable_path/Frameworks",
					"@loader_path/Frameworks",
				);
				PRODUCT_BUNDLE_IDENTIFIER = rm.WhatsNextUITests;
				PRODUCT_NAME = "$(TARGET_NAME)";
				SWIFT_VERSION = 5.0;
				TARGETED_DEVICE_FAMILY = "1,2";
				TEST_TARGET_NAME = WhatsNext;
			};
			name = Debug;
		};
		E93A60CA25517EB900BCB979 /* Release */ = {
			isa = XCBuildConfiguration;
			baseConfigurationReference = 87FD7A78D7BF4F22BB324976 /* Pods-WhatsNext-WhatsNextUITests.release.xcconfig */;
			buildSettings = {
				ALWAYS_EMBED_SWIFT_STANDARD_LIBRARIES = YES;
				CODE_SIGN_STYLE = Automatic;
				DEVELOPMENT_TEAM = 29WXDTQS63;
				INFOPLIST_FILE = WhatsNextUITests/Info.plist;
				LD_RUNPATH_SEARCH_PATHS = (
					"$(inherited)",
					"@executable_path/Frameworks",
					"@loader_path/Frameworks",
				);
				PRODUCT_BUNDLE_IDENTIFIER = rm.WhatsNextUITests;
				PRODUCT_NAME = "$(TARGET_NAME)";
				SWIFT_VERSION = 5.0;
				TARGETED_DEVICE_FAMILY = "1,2";
				TEST_TARGET_NAME = WhatsNext;
			};
			name = Release;
		};
/* End XCBuildConfiguration section */

/* Begin XCConfigurationList section */
		E93A609325517EA500BCB979 /* Build configuration list for PBXProject "WhatsNext" */ = {
			isa = XCConfigurationList;
			buildConfigurations = (
				E93A60C025517EB900BCB979 /* Debug */,
				E93A60C125517EB900BCB979 /* Release */,
			);
			defaultConfigurationIsVisible = 0;
			defaultConfigurationName = Release;
		};
		E93A60C225517EB900BCB979 /* Build configuration list for PBXNativeTarget "WhatsNext" */ = {
			isa = XCConfigurationList;
			buildConfigurations = (
				E93A60C325517EB900BCB979 /* Debug */,
				E93A60C425517EB900BCB979 /* Release */,
			);
			defaultConfigurationIsVisible = 0;
			defaultConfigurationName = Release;
		};
		E93A60C525517EB900BCB979 /* Build configuration list for PBXNativeTarget "WhatsNextTests" */ = {
			isa = XCConfigurationList;
			buildConfigurations = (
				E93A60C625517EB900BCB979 /* Debug */,
				E93A60C725517EB900BCB979 /* Release */,
			);
			defaultConfigurationIsVisible = 0;
			defaultConfigurationName = Release;
		};
		E93A60C825517EB900BCB979 /* Build configuration list for PBXNativeTarget "WhatsNextUITests" */ = {
			isa = XCConfigurationList;
			buildConfigurations = (
				E93A60C925517EB900BCB979 /* Debug */,
				E93A60CA25517EB900BCB979 /* Release */,
			);
			defaultConfigurationIsVisible = 0;
			defaultConfigurationName = Release;
		};
/* End XCConfigurationList section */
	};
	rootObject = E93A609025517EA500BCB979 /* Project object */;
}
